// !$*UTF8*$!
{
	archiveVersion = 1;
	classes = {
	};
	objectVersion = 46;
	objects = {

/* Begin PBXBuildFile section */
		1B7CE6EC1CC6D8B000BD9B32 /* AppDelegate.swift in Sources */ = {isa = PBXBuildFile; fileRef = 1B7CE6EB1CC6D8B000BD9B32 /* AppDelegate.swift */; };
		1B7CE6EE1CC6D8B000BD9B32 /* ViewController.swift in Sources */ = {isa = PBXBuildFile; fileRef = 1B7CE6ED1CC6D8B000BD9B32 /* ViewController.swift */; };
		1B7CE6F11CC6D8B000BD9B32 /* Main.storyboard in Resources */ = {isa = PBXBuildFile; fileRef = 1B7CE6EF1CC6D8B000BD9B32 /* Main.storyboard */; };
		1B7CE6F31CC6D8B000BD9B32 /* Assets.xcassets in Resources */ = {isa = PBXBuildFile; fileRef = 1B7CE6F21CC6D8B000BD9B32 /* Assets.xcassets */; };
		1B7CE6F61CC6D8B000BD9B32 /* LaunchScreen.storyboard in Resources */ = {isa = PBXBuildFile; fileRef = 1B7CE6F41CC6D8B000BD9B32 /* LaunchScreen.storyboard */; };
/* End PBXBuildFile section */

/* Begin PBXFileReference section */
		1B7CE6E81CC6D8B000BD9B32 /* FinalProject.app */ = {isa = PBXFileReference; explicitFileType = wrapper.application; includeInIndex = 0; path = FinalProject.app; sourceTree = BUILT_PRODUCTS_DIR; };
		1B7CE6EB1CC6D8B000BD9B32 /* AppDelegate.swift */ = {isa = PBXFileReference; lastKnownFileType = sourcecode.swift; path = AppDelegate.swift; sourceTree = "<group>"; };
		1B7CE6ED1CC6D8B000BD9B32 /* ViewController.swift */ = {isa = PBXFileReference; lastKnownFileType = sourcecode.swift; path = ViewController.swift; sourceTree = "<group>"; };
		1B7CE6F01CC6D8B000BD9B32 /* Base */ = {isa = PBXFileReference; lastKnownFileType = file.storyboard; name = Base; path = Base.lproj/Main.storyboard; sourceTree = "<group>"; };
		1B7CE6F21CC6D8B000BD9B32 /* Assets.xcassets */ = {isa = PBXFileReference; lastKnownFileType = folder.assetcatalog; path = Assets.xcassets; sourceTree = "<group>"; };
		1B7CE6F51CC6D8B000BD9B32 /* Base */ = {isa = PBXFileReference; lastKnownFileType = file.storyboard; name = Base; path = Base.lproj/LaunchScreen.storyboard; sourceTree = "<group>"; };
		1B7CE6F71CC6D8B000BD9B32 /* Info.plist */ = {isa = PBXFileReference; lastKnownFileType = text.plist.xml; path = Info.plist; sourceTree = "<group>"; };
/* End PBXFileReference section */

/* Begin PBXFrameworksBuildPhase section */
		1B7CE6E51CC6D8B000BD9B32 /* Frameworks */ = {
			isa = PBXFrameworksBuildPhase;
			buildActionMask = 2147483647;
			files = (
			);
			runOnlyForDeploymentPostprocessing = 0;
		};
/* End PBXFrameworksBuildPhase section */

/* Begin PBXGroup section */
		1B7CE6DF1CC6D8B000BD9B32 = {
			isa = PBXGroup;
			children = (
				1B7CE6EA1CC6D8B000BD9B32 /* FinalProject */,
				1B7CE6E91CC6D8B000BD9B32 /* Products */,
			);
			sourceTree = "<group>";
		};
		1B7CE6E91CC6D8B000BD9B32 /* Products */ = {
			isa = PBXGroup;
			children = (
				1B7CE6E81CC6D8B000BD9B32 /* FinalProject.app */,
			);
			name = Products;
			sourceTree = "<group>";
		};
		1B7CE6EA1CC6D8B000BD9B32 /* FinalProject */ = {
			isa = PBXGroup;
			children = (
				1B7CE6EB1CC6D8B000BD9B32 /* AppDelegate.swift */,
				1B7CE6ED1CC6D8B000BD9B32 /* ViewController.swift */,
				1B7CE6EF1CC6D8B000BD9B32 /* Main.storyboard */,
				1B7CE6F21CC6D8B000BD9B32 /* Assets.xcassets */,
				1B7CE6F41CC6D8B000BD9B32 /* LaunchScreen.storyboard */,
				1B7CE6F71CC6D8B000BD9B32 /* Info.plist */,
			);
			path = FinalProject;
			sourceTree = "<group>";
		};
/* End PBXGroup section */

/* Begin PBXNativeTarget section */
		1B7CE6E71CC6D8B000BD9B32 /* FinalProject */ = {
			isa = PBXNativeTarget;
			buildConfigurationList = 1B7CE6FA1CC6D8B000BD9B32 /* Build configuration list for PBXNativeTarget "FinalProject" */;
			buildPhases = (
				1B7CE6E41CC6D8B000BD9B32 /* Sources */,
				1B7CE6E51CC6D8B000BD9B32 /* Frameworks */,
				1B7CE6E61CC6D8B000BD9B32 /* Resources */,
			);
			buildRules = (
			);
			dependencies = (
			);
			name = FinalProject;
			productName = FinalProject;
			productReference = 1B7CE6E81CC6D8B000BD9B32 /* FinalProject.app */;
			productType = "com.apple.product-type.application";
		};
/* End PBXNativeTarget section */

/* Begin PBXProject section */
		1B7CE6E01CC6D8B000BD9B32 /* Project object */ = {
			isa = PBXProject;
			attributes = {
				LastSwiftUpdateCheck = 0730;
				LastUpgradeCheck = 0730;
				ORGANIZATIONNAME = "Nelson Chow";
				TargetAttributes = {
					1B7CE6E71CC6D8B000BD9B32 = {
						CreatedOnToolsVersion = 7.3;
						DevelopmentTeam = 9WJCEPJG8Q;
					};
				};
			};
			buildConfigurationList = 1B7CE6E31CC6D8B000BD9B32 /* Build configuration list for PBXProject "FinalProject" */;
			compatibilityVersion = "Xcode 3.2";
			developmentRegion = English;
			hasScannedForEncodings = 0;
			knownRegions = (
				en,
				Base,
			);
			mainGroup = 1B7CE6DF1CC6D8B000BD9B32;
			productRefGroup = 1B7CE6E91CC6D8B000BD9B32 /* Products */;
			projectDirPath = "";
			projectRoot = "";
			targets = (
				1B7CE6E71CC6D8B000BD9B32 /* FinalProject */,
			);
		};
/* End PBXProject section */

/* Begin PBXResourcesBuildPhase section */
		1B7CE6E61CC6D8B000BD9B32 /* Resources */ = {
			isa = PBXResourcesBuildPhase;
			buildActionMask = 2147483647;
			files = (
				1B7CE6F61CC6D8B000BD9B32 /* LaunchScreen.storyboard in Resources */,
				1B7CE6F31CC6D8B000BD9B32 /* Assets.xcassets in Resources */,
				1B7CE6F11CC6D8B000BD9B32 /* Main.storyboard in Resources */,
			);
			runOnlyForDeploymentPostprocessing = 0;
		};
/* End PBXResourcesBuildPhase section */

/* Begin PBXSourcesBuildPhase section */
		1B7CE6E41CC6D8B000BD9B32 /* Sources */ = {
			isa = PBXSourcesBuildPhase;
			buildActionMask = 2147483647;
			files = (
				1B7CE6EE1CC6D8B000BD9B32 /* ViewController.swift in Sources */,
				1B7CE6EC1CC6D8B000BD9B32 /* AppDelegate.swift in Sources */,
			);
			runOnlyForDeploymentPostprocessing = 0;
		};
/* End PBXSourcesBuildPhase section */

/* Begin PBXVariantGroup section */
		1B7CE6EF1CC6D8B000BD9B32 /* Main.storyboard */ = {
			isa = PBXVariantGroup;
			children = (
				1B7CE6F01CC6D8B000BD9B32 /* Base */,
			);
			name = Main.storyboard;
			sourceTree = "<group>";
		};
		1B7CE6F41CC6D8B000BD9B32 /* LaunchScreen.storyboard */ = {
			isa = PBXVariantGroup;
			children = (
				1B7CE6F51CC6D8B000BD9B32 /* Base */,
			);
			name = LaunchScreen.storyboard;
			sourceTree = "<group>";
		};
/* End PBXVariantGroup section */

/* Begin XCBuildConfiguration section */
		1B7CE6F81CC6D8B000BD9B32 /* Debug */ = {
			isa = XCBuildConfiguration;
			buildSettings = {
				ALWAYS_SEARCH_USER_PATHS = NO;
				CLANG_ANALYZER_NONNULL = YES;
				CLANG_CXX_LANGUAGE_STANDARD = "gnu++0x";
				CLANG_CXX_LIBRARY = "libc++";
				CLANG_ENABLE_MODULES = YES;
				CLANG_ENABLE_OBJC_ARC = YES;
				CLANG_WARN_BOOL_CONVERSION = YES;
				CLANG_WARN_CONSTANT_CONVERSION = YES;
				CLANG_WARN_DIRECT_OBJC_ISA_USAGE = YES_ERROR;
				CLANG_WARN_EMPTY_BODY = YES;
				CLANG_WARN_ENUM_CONVERSION = YES;
				CLANG_WARN_INT_CONVERSION = YES;
				CLANG_WARN_OBJC_ROOT_CLASS = YES_ERROR;
				CLANG_WARN_UNREACHABLE_CODE = YES;
				CLANG_WARN__DUPLICATE_METHOD_MATCH = YES;
				"CODE_SIGN_IDENTITY[sdk=iphoneos*]" = "iPhone Developer";
				COPY_PHASE_STRIP = NO;
				DEBUG_INFORMATION_FORMAT = dwarf;
				ENABLE_STRICT_OBJC_MSGSEND = YES;
				ENABLE_TESTABILITY = YES;
				GCC_C_LANGUAGE_STANDARD = gnu99;
				GCC_DYNAMIC_NO_PIC = NO;
				GCC_NO_COMMON_BLOCKS = YES;
				GCC_OPTIMIZATION_LEVEL = 0;
				GCC_PREPROCESSOR_DEFINITIONS = (
					"DEBUG=1",
					"$(inherited)",
				);
				GCC_WARN_64_TO_32_BIT_CONVERSION = YES;
				GCC_WARN_ABOUT_RETURN_TYPE = YES_ERROR;
				GCC_WARN_UNDECLARED_SELECTOR = YES;
				GCC_WARN_UNINITIALIZED_AUTOS = YES_AGGRESSIVE;
				GCC_WARN_UNUSED_FUNCTION = YES;
				GCC_WARN_UNUSED_VARIABLE = YES;
				IPHONEOS_DEPLOYMENT_TARGET = 9.3;
				MTL_ENABLE_DEBUG_INFO = YES;
				ONLY_ACTIVE_ARCH = YES;
				SDKROOT = iphoneos;
				SWIFT_OPTIMIZATION_LEVEL = "-Onone";
			};
			name = Debug;
		};
		1B7CE6F91CC6D8B000BD9B32 /* Release */ = {
			isa = XCBuildConfiguration;
			buildSettings = {
				ALWAYS_SEARCH_USER_PATHS = NO;
				CLANG_ANALYZER_NONNULL = YES;
				CLANG_CXX_LANGUAGE_STANDARD = "gnu++0x";
				CLANG_CXX_LIBRARY = "libc++";
				CLANG_ENABLE_MODULES = YES;
				CLANG_ENABLE_OBJC_ARC = YES;
				CLANG_WARN_BOOL_CONVERSION = YES;
				CLANG_WARN_CONSTANT_CONVERSION = YES;
				CLANG_WARN_DIRECT_OBJC_ISA_USAGE = YES_ERROR;
				CLANG_WARN_EMPTY_BODY = YES;
				CLANG_WARN_ENUM_CONVERSION = YES;
				CLANG_WARN_INT_CONVERSION = YES;
				CLANG_WARN_OBJC_ROOT_CLASS = YES_ERROR;
				CLANG_WARN_UNREACHABLE_CODE = YES;
				CLANG_WARN__DUPLICATE_METHOD_MATCH = YES;
				"CODE_SIGN_IDENTITY[sdk=iphoneos*]" = "iPhone Developer";
				COPY_PHASE_STRIP = NO;
				DEBUG_INFORMATION_FORMAT = "dwarf-with-dsym";
				ENABLE_NS_ASSERTIONS = NO;
				ENABLE_STRICT_OBJC_MSGSEND = YES;
				GCC_C_LANGUAGE_STANDARD = gnu99;
				GCC_NO_COMMON_BLOCKS = YES;
				GCC_WARN_64_TO_32_BIT_CONVERSION = YES;
				GCC_WARN_ABOUT_RETURN_TYPE = YES_ERROR;
				GCC_WARN_UNDECLARED_SELECTOR = YES;
				GCC_WARN_UNINITIALIZED_AUTOS = YES_AGGRESSIVE;
				GCC_WARN_UNUSED_FUNCTION = YES;
				GCC_WARN_UNUSED_VARIABLE = YES;
				IPHONEOS_DEPLOYMENT_TARGET = 9.3;
				MTL_ENABLE_DEBUG_INFO = NO;
				SDKROOT = iphoneos;
				VALIDATE_PRODUCT = YES;
			};
			name = Release;
		};
		1B7CE6FB1CC6D8B000BD9B32 /* Debug */ = {
			isa = XCBuildConfiguration;
			buildSettings = {
				ASSETCATALOG_COMPILER_APPICON_NAME = AppIcon;
				INFOPLIST_FILE = FinalProject/Info.plist;
				LD_RUNPATH_SEARCH_PATHS = "$(inherited) @executable_path/Frameworks";
				PRODUCT_BUNDLE_IDENTIFIER = nc.FinalProject;
				PRODUCT_NAME = "$(TARGET_NAME)";
			};
			name = Debug;
		};
		1B7CE6FC1CC6D8B000BD9B32 /* Release */ = {
			isa = XCBuildConfiguration;
			buildSettings = {
				ASSETCATALOG_COMPILER_APPICON_NAME = AppIcon;
				INFOPLIST_FILE = FinalProject/Info.plist;
				LD_RUNPATH_SEARCH_PATHS = "$(inherited) @executable_path/Frameworks";
				PRODUCT_BUNDLE_IDENTIFIER = nc.FinalProject;
				PRODUCT_NAME = "$(TARGET_NAME)";
			};
			name = Release;
		};
/* End XCBuildConfiguration section */

/* Begin XCConfigurationList section */
		1B7CE6E31CC6D8B000BD9B32 /* Build configuration list for PBXProject "FinalProject" */ = {
			isa = XCConfigurationList;
			buildConfigurations = (
				1B7CE6F81CC6D8B000BD9B32 /* Debug */,
				1B7CE6F91CC6D8B000BD9B32 /* Release */,
			);
			defaultConfigurationIsVisible = 0;
			defaultConfigurationName = Release;
		};
		1B7CE6FA1CC6D8B000BD9B32 /* Build configuration list for PBXNativeTarget "FinalProject" */ = {
			isa = XCConfigurationList;
			buildConfigurations = (
				1B7CE6FB1CC6D8B000BD9B32 /* Debug */,
				1B7CE6FC1CC6D8B000BD9B32 /* Release */,
			);
			defaultConfigurationIsVisible = 0;
		};
/* End XCConfigurationList section */
	};
	rootObject = 1B7CE6E01CC6D8B000BD9B32 /* Project object */;
}
